{
  "nodes": {
    "flake-utils": {
      "inputs": {
        "systems": "systems"
      },
      "locked": {
        "lastModified": 1687709756,
        "narHash": "sha256-Y5wKlQSkgEK2weWdOu4J3riRd+kV/VCgHsqLNTTWQ/0=",
        "owner": "numtide",
        "repo": "flake-utils",
        "rev": "dbabf0ca0c0c4bce6ea5eaf65af5cb694d2082c7",
        "type": "github"
      },
      "original": {
        "owner": "numtide",
        "repo": "flake-utils",
        "type": "github"
      }
    },
    "home-manager": {
      "inputs": {
        "nixpkgs": [
          "nixpkgs"
        ]
      },
      "locked": {
        "lastModified": 1687871164,
        "narHash": "sha256-bBFlPthuYX322xOlpJvkjUBz0C+MOBjZdDOOJJ+G2jU=",
        "owner": "nix-community",
        "repo": "home-manager",
        "rev": "07c347bb50994691d7b0095f45ebd8838cf6bc38",
        "type": "github"
      },
      "original": {
        "owner": "nix-community",
        "ref": "release-23.05",
        "repo": "home-manager",
        "type": "github"
      }
    },
    "nixpkgs": {
      "locked": {
        "lastModified": 1688287271,
        "narHash": "sha256-urPMC+oAUAzNvz0aS7ty6nHbkbMwQx2Xh7W/QZRq3gU=",
        "owner": "NixOS",
        "repo": "nixpkgs",
        "rev": "7cacbc32ad63e8e7b91018d64f9a92cb3455ee8b",
        "type": "github"
      },
      "original": {
        "owner": "NixOS",
        "ref": "release-23.05",
        "repo": "nixpkgs",
        "type": "github"
      }
    },
    "root": {
      "inputs": {
        "flake-utils": "flake-utils",
        "home-manager": "home-manager",
        "nixpkgs": "nixpkgs",
        "shellcheck-nix-attributes": "shellcheck-nix-attributes"
      }
    },
    "shellcheck-nix-attributes": {
      "flake": false,
      "locked": {
        "lastModified": 1586929030,
        "narHash": "sha256-a0WyWaz+nMYFWI43Ip9EUnPuBW0O4EIiTzYZKGqNjss=",
        "owner": "Fuuzetsu",
        "repo": "shellcheck-nix-attributes",
        "rev": "51b49d5fe65ece69eb5e2003396bf096083ec281",
        "type": "github"
      },
      "original": {
        "owner": "Fuuzetsu",
        "repo": "shellcheck-nix-attributes",
        "type": "github"
      }
    },
    "systems": {
      "locked": {
        "lastModified": 1681028828,
        "narHash": "sha256-Vy1rq5AaRuLzOxct8nz4T6wlgyUR7zLU309k9mBC768=",
        "owner": "nix-systems",
        "repo": "default",
        "rev": "da67096a3b9bf56a91d16901293e51ba5b49a27e",
        "type": "github"
      },
      "original": {
        "owner": "nix-systems",
        "repo": "default",
        "type": "github"
      }
    }
  },
  "root": "root",
  "version": 7
}
